// !$*UTF8*$!
{
	archiveVersion = 1;
	classes = {
	};
	objectVersion = 46;
	objects = {

/* Begin PBXBuildFile section */
		C72A1D521C04135800A3DBB0 /* AppDelegate.swift in Sources */ = {isa = PBXBuildFile; fileRef = C72A1D511C04135800A3DBB0 /* AppDelegate.swift */; };
		C72A1D541C04135800A3DBB0 /* ViewController.swift in Sources */ = {isa = PBXBuildFile; fileRef = C72A1D531C04135800A3DBB0 /* ViewController.swift */; };
		C72A1D571C04135800A3DBB0 /* Main.storyboard in Resources */ = {isa = PBXBuildFile; fileRef = C72A1D551C04135800A3DBB0 /* Main.storyboard */; };
		C72A1D591C04135800A3DBB0 /* Assets.xcassets in Resources */ = {isa = PBXBuildFile; fileRef = C72A1D581C04135800A3DBB0 /* Assets.xcassets */; };
		C72A1D5C1C04135800A3DBB0 /* LaunchScreen.storyboard in Resources */ = {isa = PBXBuildFile; fileRef = C72A1D5A1C04135800A3DBB0 /* LaunchScreen.storyboard */; };
		C72A1D671C04135800A3DBB0 /* iBeaconSendDemoTests.swift in Sources */ = {isa = PBXBuildFile; fileRef = C72A1D661C04135800A3DBB0 /* iBeaconSendDemoTests.swift */; };
		C72A1D721C04135800A3DBB0 /* iBeaconSendDemoUITests.swift in Sources */ = {isa = PBXBuildFile; fileRef = C72A1D711C04135800A3DBB0 /* iBeaconSendDemoUITests.swift */; };
/* End PBXBuildFile section */

/* Begin PBXContainerItemProxy section */
		C72A1D631C04135800A3DBB0 /* PBXContainerItemProxy */ = {
			isa = PBXContainerItemProxy;
			containerPortal = C72A1D461C04135800A3DBB0 /* Project object */;
			proxyType = 1;
			remoteGlobalIDString = C72A1D4D1C04135800A3DBB0;
			remoteInfo = iBeaconSendDemo;
		};
		C72A1D6E1C04135800A3DBB0 /* PBXContainerItemProxy */ = {
			isa = PBXContainerItemProxy;
			containerPortal = C72A1D461C04135800A3DBB0 /* Project object */;
			proxyType = 1;
			remoteGlobalIDString = C72A1D4D1C04135800A3DBB0;
			remoteInfo = iBeaconSendDemo;
		};
/* End PBXContainerItemProxy section */

/* Begin PBXFileReference section */
		C72A1D4E1C04135800A3DBB0 /* iBeaconSendDemo.app */ = {isa = PBXFileReference; explicitFileType = wrapper.application; includeInIndex = 0; path = iBeaconSendDemo.app; sourceTree = BUILT_PRODUCTS_DIR; };
		C72A1D511C04135800A3DBB0 /* AppDelegate.swift */ = {isa = PBXFileReference; lastKnownFileType = sourcecode.swift; path = AppDelegate.swift; sourceTree = "<group>"; };
		C72A1D531C04135800A3DBB0 /* ViewController.swift */ = {isa = PBXFileReference; lastKnownFileType = sourcecode.swift; path = ViewController.swift; sourceTree = "<group>"; };
		C72A1D561C04135800A3DBB0 /* Base */ = {isa = PBXFileReference; lastKnownFileType = file.storyboard; name = Base; path = Base.lproj/Main.storyboard; sourceTree = "<group>"; };
		C72A1D581C04135800A3DBB0 /* Assets.xcassets */ = {isa = PBXFileReference; lastKnownFileType = folder.assetcatalog; path = Assets.xcassets; sourceTree = "<group>"; };
		C72A1D5B1C04135800A3DBB0 /* Base */ = {isa = PBXFileReference; lastKnownFileType = file.storyboard; name = Base; path = Base.lproj/LaunchScreen.storyboard; sourceTree = "<group>"; };
		C72A1D5D1C04135800A3DBB0 /* Info.plist */ = {isa = PBXFileReference; lastKnownFileType = text.plist.xml; path = Info.plist; sourceTree = "<group>"; };
		C72A1D621C04135800A3DBB0 /* iBeaconSendDemoTests.xctest */ = {isa = PBXFileReference; explicitFileType = wrapper.cfbundle; includeInIndex = 0; path = iBeaconSendDemoTests.xctest; sourceTree = BUILT_PRODUCTS_DIR; };
		C72A1D661C04135800A3DBB0 /* iBeaconSendDemoTests.swift */ = {isa = PBXFileReference; lastKnownFileType = sourcecode.swift; path = iBeaconSendDemoTests.swift; sourceTree = "<group>"; };
		C72A1D681C04135800A3DBB0 /* Info.plist */ = {isa = PBXFileReference; lastKnownFileType = text.plist.xml; path = Info.plist; sourceTree = "<group>"; };
		C72A1D6D1C04135800A3DBB0 /* iBeaconSendDemoUITests.xctest */ = {isa = PBXFileReference; explicitFileType = wrapper.cfbundle; includeInIndex = 0; path = iBeaconSendDemoUITests.xctest; sourceTree = BUILT_PRODUCTS_DIR; };
		C72A1D711C04135800A3DBB0 /* iBeaconSendDemoUITests.swift */ = {isa = PBXFileReference; lastKnownFileType = sourcecode.swift; path = iBeaconSendDemoUITests.swift; sourceTree = "<group>"; };
		C72A1D731C04135800A3DBB0 /* Info.plist */ = {isa = PBXFileReference; lastKnownFileType = text.plist.xml; path = Info.plist; sourceTree = "<group>"; };
/* End PBXFileReference section */

/* Begin PBXFrameworksBuildPhase section */
		C72A1D4B1C04135800A3DBB0 /* Frameworks */ = {
			isa = PBXFrameworksBuildPhase;
			buildActionMask = 2147483647;
			files = (
			);
			runOnlyForDeploymentPostprocessing = 0;
		};
		C72A1D5F1C04135800A3DBB0 /* Frameworks */ = {
			isa = PBXFrameworksBuildPhase;
			buildActionMask = 2147483647;
			files = (
			);
			runOnlyForDeploymentPostprocessing = 0;
		};
		C72A1D6A1C04135800A3DBB0 /* Frameworks */ = {
			isa = PBXFrameworksBuildPhase;
			buildActionMask = 2147483647;
			files = (
			);
			runOnlyForDeploymentPostprocessing = 0;
		};
/* End PBXFrameworksBuildPhase section */

/* Begin PBXGroup section */
		C72A1D451C04135800A3DBB0 = {
			isa = PBXGroup;
			children = (
				C72A1D501C04135800A3DBB0 /* iBeaconSendDemo */,
				C72A1D651C04135800A3DBB0 /* iBeaconSendDemoTests */,
				C72A1D701C04135800A3DBB0 /* iBeaconSendDemoUITests */,
				C72A1D4F1C04135800A3DBB0 /* Products */,
			);
			sourceTree = "<group>";
		};
		C72A1D4F1C04135800A3DBB0 /* Products */ = {
			isa = PBXGroup;
			children = (
				C72A1D4E1C04135800A3DBB0 /* iBeaconSendDemo.app */,
				C72A1D621C04135800A3DBB0 /* iBeaconSendDemoTests.xctest */,
				C72A1D6D1C04135800A3DBB0 /* iBeaconSendDemoUITests.xctest */,
			);
			name = Products;
			sourceTree = "<group>";
		};
		C72A1D501C04135800A3DBB0 /* iBeaconSendDemo */ = {
			isa = PBXGroup;
			children = (
				C72A1D511C04135800A3DBB0 /* AppDelegate.swift */,
				C72A1D531C04135800A3DBB0 /* ViewController.swift */,
				C72A1D551C04135800A3DBB0 /* Main.storyboard */,
				C72A1D581C04135800A3DBB0 /* Assets.xcassets */,
				C72A1D5A1C04135800A3DBB0 /* LaunchScreen.storyboard */,
				C72A1D5D1C04135800A3DBB0 /* Info.plist */,
			);
			path = iBeaconSendDemo;
			sourceTree = "<group>";
		};
		C72A1D651C04135800A3DBB0 /* iBeaconSendDemoTests */ = {
			isa = PBXGroup;
			children = (
				C72A1D661C04135800A3DBB0 /* iBeaconSendDemoTests.swift */,
				C72A1D681C04135800A3DBB0 /* Info.plist */,
			);
			path = iBeaconSendDemoTests;
			sourceTree = "<group>";
		};
		C72A1D701C04135800A3DBB0 /* iBeaconSendDemoUITests */ = {
			isa = PBXGroup;
			children = (
				C72A1D711C04135800A3DBB0 /* iBeaconSendDemoUITests.swift */,
				C72A1D731C04135800A3DBB0 /* Info.plist */,
			);
			path = iBeaconSendDemoUITests;
			sourceTree = "<group>";
		};
/* End PBXGroup section */

/* Begin PBXNativeTarget section */
		C72A1D4D1C04135800A3DBB0 /* iBeaconSendDemo */ = {
			isa = PBXNativeTarget;
			buildConfigurationList = C72A1D761C04135800A3DBB0 /* Build configuration list for PBXNativeTarget "iBeaconSendDemo" */;
			buildPhases = (
				C72A1D4A1C04135800A3DBB0 /* Sources */,
				C72A1D4B1C04135800A3DBB0 /* Frameworks */,
				C72A1D4C1C04135800A3DBB0 /* Resources */,
			);
			buildRules = (
			);
			dependencies = (
			);
			name = iBeaconSendDemo;
			productName = iBeaconSendDemo;
			productReference = C72A1D4E1C04135800A3DBB0 /* iBeaconSendDemo.app */;
			productType = "com.apple.product-type.application";
		};
		C72A1D611C04135800A3DBB0 /* iBeaconSendDemoTests */ = {
			isa = PBXNativeTarget;
			buildConfigurationList = C72A1D791C04135800A3DBB0 /* Build configuration list for PBXNativeTarget "iBeaconSendDemoTests" */;
			buildPhases = (
				C72A1D5E1C04135800A3DBB0 /* Sources */,
				C72A1D5F1C04135800A3DBB0 /* Frameworks */,
				C72A1D601C04135800A3DBB0 /* Resources */,
			);
			buildRules = (
			);
			dependencies = (
				C72A1D641C04135800A3DBB0 /* PBXTargetDependency */,
			);
			name = iBeaconSendDemoTests;
			productName = iBeaconSendDemoTests;
			productReference = C72A1D621C04135800A3DBB0 /* iBeaconSendDemoTests.xctest */;
			productType = "com.apple.product-type.bundle.unit-test";
		};
		C72A1D6C1C04135800A3DBB0 /* iBeaconSendDemoUITests */ = {
			isa = PBXNativeTarget;
			buildConfigurationList = C72A1D7C1C04135800A3DBB0 /* Build configuration list for PBXNativeTarget "iBeaconSendDemoUITests" */;
			buildPhases = (
				C72A1D691C04135800A3DBB0 /* Sources */,
				C72A1D6A1C04135800A3DBB0 /* Frameworks */,
				C72A1D6B1C04135800A3DBB0 /* Resources */,
			);
			buildRules = (
			);
			dependencies = (
				C72A1D6F1C04135800A3DBB0 /* PBXTargetDependency */,
			);
			name = iBeaconSendDemoUITests;
			productName = iBeaconSendDemoUITests;
			productReference = C72A1D6D1C04135800A3DBB0 /* iBeaconSendDemoUITests.xctest */;
			productType = "com.apple.product-type.bundle.ui-testing";
		};
/* End PBXNativeTarget section */

/* Begin PBXProject section */
		C72A1D461C04135800A3DBB0 /* Project object */ = {
			isa = PBXProject;
			attributes = {
				LastSwiftUpdateCheck = 0710;
				LastUpgradeCheck = 0710;
				ORGANIZATIONNAME = go;
				TargetAttributes = {
					C72A1D4D1C04135800A3DBB0 = {
						CreatedOnToolsVersion = 7.1.1;
						DevelopmentTeam = YZQ5H72H89;
					};
					C72A1D611C04135800A3DBB0 = {
						CreatedOnToolsVersion = 7.1.1;
						DevelopmentTeam = YZQ5H72H89;
						TestTargetID = C72A1D4D1C04135800A3DBB0;
					};
					C72A1D6C1C04135800A3DBB0 = {
						CreatedOnToolsVersion = 7.1.1;
						DevelopmentTeam = YZQ5H72H89;
						TestTargetID = C72A1D4D1C04135800A3DBB0;
					};
				};
			};
			buildConfigurationList = C72A1D491C04135800A3DBB0 /* Build configuration list for PBXProject "iBeaconSendDemo" */;
			compatibilityVersion = "Xcode 3.2";
			developmentRegion = English;
			hasScannedForEncodings = 0;
			knownRegions = (
				en,
				Base,
			);
			mainGroup = C72A1D451C04135800A3DBB0;
			productRefGroup = C72A1D4F1C04135800A3DBB0 /* Products */;
			projectDirPath = "";
			projectRoot = "";
			targets = (
				C72A1D4D1C04135800A3DBB0 /* iBeaconSendDemo */,
				C72A1D611C04135800A3DBB0 /* iBeaconSendDemoTests */,
				C72A1D6C1C04135800A3DBB0 /* iBeaconSendDemoUITests */,
			);
		};
/* End PBXProject section */

/* Begin PBXResourcesBuildPhase section */
		C72A1D4C1C04135800A3DBB0 /* Resources */ = {
			isa = PBXResourcesBuildPhase;
			buildActionMask = 2147483647;
			files = (
				C72A1D5C1C04135800A3DBB0 /* LaunchScreen.storyboard in Resources */,
				C72A1D591C04135800A3DBB0 /* Assets.xcassets in Resources */,
				C72A1D571C04135800A3DBB0 /* Main.storyboard in Resources */,
			);
			runOnlyForDeploymentPostprocessing = 0;
		};
		C72A1D601C04135800A3DBB0 /* Resources */ = {
			isa = PBXResourcesBuildPhase;
			buildActionMask = 2147483647;
			files = (
			);
			runOnlyForDeploymentPostprocessing = 0;
		};
		C72A1D6B1C04135800A3DBB0 /* Resources */ = {
			isa = PBXResourcesBuildPhase;
			buildActionMask = 2147483647;
			files = (
			);
			runOnlyForDeploymentPostprocessing = 0;
		};
/* End PBXResourcesBuildPhase section */

/* Begin PBXSourcesBuildPhase section */
		C72A1D4A1C04135800A3DBB0 /* Sources */ = {
			isa = PBXSourcesBuildPhase;
			buildActionMask = 2147483647;
			files = (
				C72A1D541C04135800A3DBB0 /* ViewController.swift in Sources */,
				C72A1D521C04135800A3DBB0 /* AppDelegate.swift in Sources */,
			);
			runOnlyForDeploymentPostprocessing = 0;
		};
		C72A1D5E1C04135800A3DBB0 /* Sources */ = {
			isa = PBXSourcesBuildPhase;
			buildActionMask = 2147483647;
			files = (
				C72A1D671C04135800A3DBB0 /* iBeaconSendDemoTests.swift in Sources */,
			);
			runOnlyForDeploymentPostprocessing = 0;
		};
		C72A1D691C04135800A3DBB0 /* Sources */ = {
			isa = PBXSourcesBuildPhase;
			buildActionMask = 2147483647;
			files = (
				C72A1D721C04135800A3DBB0 /* iBeaconSendDemoUITests.swift in Sources */,
			);
			runOnlyForDeploymentPostprocessing = 0;
		};
/* End PBXSourcesBuildPhase section */

/* Begin PBXTargetDependency section */
		C72A1D641C04135800A3DBB0 /* PBXTargetDependency */ = {
			isa = PBXTargetDependency;
			target = C72A1D4D1C04135800A3DBB0 /* iBeaconSendDemo */;
			targetProxy = C72A1D631C04135800A3DBB0 /* PBXContainerItemProxy */;
		};
		C72A1D6F1C04135800A3DBB0 /* PBXTargetDependency */ = {
			isa = PBXTargetDependency;
			target = C72A1D4D1C04135800A3DBB0 /* iBeaconSendDemo */;
			targetProxy = C72A1D6E1C04135800A3DBB0 /* PBXContainerItemProxy */;
		};
/* End PBXTargetDependency section */

/* Begin PBXVariantGroup section */
		C72A1D551C04135800A3DBB0 /* Main.storyboard */ = {
			isa = PBXVariantGroup;
			children = (
				C72A1D561C04135800A3DBB0 /* Base */,
			);
			name = Main.storyboard;
			sourceTree = "<group>";
		};
		C72A1D5A1C04135800A3DBB0 /* LaunchScreen.storyboard */ = {
			isa = PBXVariantGroup;
			children = (
				C72A1D5B1C04135800A3DBB0 /* Base */,
			);
			name = LaunchScreen.storyboard;
			sourceTree = "<group>";
		};
/* End PBXVariantGroup section */

/* Begin XCBuildConfiguration section */
		C72A1D741C04135800A3DBB0 /* Debug */ = {
			isa = XCBuildConfiguration;
			buildSettings = {
				ALWAYS_SEARCH_USER_PATHS = NO;
				CLANG_CXX_LANGUAGE_STANDARD = "gnu++0x";
				CLANG_CXX_LIBRARY = "libc++";
				CLANG_ENABLE_MODULES = YES;
				CLANG_ENABLE_OBJC_ARC = YES;
				CLANG_WARN_BOOL_CONVERSION = YES;
				CLANG_WARN_CONSTANT_CONVERSION = YES;
				CLANG_WARN_DIRECT_OBJC_ISA_USAGE = YES_ERROR;
				CLANG_WARN_EMPTY_BODY = YES;
				CLANG_WARN_ENUM_CONVERSION = YES;
				CLANG_WARN_INT_CONVERSION = YES;
				CLANG_WARN_OBJC_ROOT_CLASS = YES_ERROR;
				CLANG_WARN_UNREACHABLE_CODE = YES;
				CLANG_WARN__DUPLICATE_METHOD_MATCH = YES;
				"CODE_SIGN_IDENTITY[sdk=iphoneos*]" = "iPhone Developer";
				COPY_PHASE_STRIP = NO;
				DEBUG_INFORMATION_FORMAT = dwarf;
				ENABLE_STRICT_OBJC_MSGSEND = YES;
				ENABLE_TESTABILITY = YES;
				GCC_C_LANGUAGE_STANDARD = gnu99;
				GCC_DYNAMIC_NO_PIC = NO;
				GCC_NO_COMMON_BLOCKS = YES;
				GCC_OPTIMIZATION_LEVEL = 0;
				GCC_PREPROCESSOR_DEFINITIONS = (
					"DEBUG=1",
					"$(inherited)",
				);
				GCC_WARN_64_TO_32_BIT_CONVERSION = YES;
				GCC_WARN_ABOUT_RETURN_TYPE = YES_ERROR;
				GCC_WARN_UNDECLARED_SELECTOR = YES;
				GCC_WARN_UNINITIALIZED_AUTOS = YES_AGGRESSIVE;
				GCC_WARN_UNUSED_FUNCTION = YES;
				GCC_WARN_UNUSED_VARIABLE = YES;
				IPHONEOS_DEPLOYMENT_TARGET = 9.1;
				MTL_ENABLE_DEBUG_INFO = YES;
				ONLY_ACTIVE_ARCH = YES;
				SDKROOT = iphoneos;
				SWIFT_OPTIMIZATION_LEVEL = "-Onone";
			};
			name = Debug;
		};
		C72A1D751C04135800A3DBB0 /* Release */ = {
			isa = XCBuildConfiguration;
			buildSettings = {
				ALWAYS_SEARCH_USER_PATHS = NO;
				CLANG_CXX_LANGUAGE_STANDARD = "gnu++0x";
				CLANG_CXX_LIBRARY = "libc++";
				CLANG_ENABLE_MODULES = YES;
				CLANG_ENABLE_OBJC_ARC = YES;
				CLANG_WARN_BOOL_CONVERSION = YES;
				CLANG_WARN_CONSTANT_CONVERSION = YES;
				CLANG_WARN_DIRECT_OBJC_ISA_USAGE = YES_ERROR;
				CLANG_WARN_EMPTY_BODY = YES;
				CLANG_WARN_ENUM_CONVERSION = YES;
				CLANG_WARN_INT_CONVERSION = YES;
				CLANG_WARN_OBJC_ROOT_CLASS = YES_ERROR;
				CLANG_WARN_UNREACHABLE_CODE = YES;
				CLANG_WARN__DUPLICATE_METHOD_MATCH = YES;
				"CODE_SIGN_IDENTITY[sdk=iphoneos*]" = "iPhone Developer";
				COPY_PHASE_STRIP = NO;
				DEBUG_INFORMATION_FORMAT = "dwarf-with-dsym";
				ENABLE_NS_ASSERTIONS = NO;
				ENABLE_STRICT_OBJC_MSGSEND = YES;
				GCC_C_LANGUAGE_STANDARD = gnu99;
				GCC_NO_COMMON_BLOCKS = YES;
				GCC_WARN_64_TO_32_BIT_CONVERSION = YES;
				GCC_WARN_ABOUT_RETURN_TYPE = YES_ERROR;
				GCC_WARN_UNDECLARED_SELECTOR = YES;
				GCC_WARN_UNINITIALIZED_AUTOS = YES_AGGRESSIVE;
				GCC_WARN_UNUSED_FUNCTION = YES;
				GCC_WARN_UNUSED_VARIABLE = YES;
				IPHONEOS_DEPLOYMENT_TARGET = 9.1;
				MTL_ENABLE_DEBUG_INFO = NO;
				SDKROOT = iphoneos;
				VALIDATE_PRODUCT = YES;
			};
			name = Release;
		};
		C72A1D771C04135800A3DBB0 /* Debug */ = {
			isa = XCBuildConfiguration;
			buildSettings = {
				ASSETCATALOG_COMPILER_APPICON_NAME = AppIcon;
				INFOPLIST_FILE = iBeaconSendDemo/Info.plist;
				LD_RUNPATH_SEARCH_PATHS = "$(inherited) @executable_path/Frameworks";
				PRODUCT_BUNDLE_IDENTIFIER = com.osatou.iBeaconSendDemo;
				PRODUCT_NAME = "$(TARGET_NAME)";
			};
			name = Debug;
		};
		C72A1D781C04135800A3DBB0 /* Release */ = {
			isa = XCBuildConfiguration;
			buildSettings = {
				ASSETCATALOG_COMPILER_APPICON_NAME = AppIcon;
				INFOPLIST_FILE = iBeaconSendDemo/Info.plist;
				LD_RUNPATH_SEARCH_PATHS = "$(inherited) @executable_path/Frameworks";
				PRODUCT_BUNDLE_IDENTIFIER = com.osatou.iBeaconSendDemo;
				PRODUCT_NAME = "$(TARGET_NAME)";
			};
			name = Release;
		};
		C72A1D7A1C04135800A3DBB0 /* Debug */ = {
			isa = XCBuildConfiguration;
			buildSettings = {
				BUNDLE_LOADER = "$(TEST_HOST)";
				INFOPLIST_FILE = iBeaconSendDemoTests/Info.plist;
				LD_RUNPATH_SEARCH_PATHS = "$(inherited) @executable_path/Frameworks @loader_path/Frameworks";
				PRODUCT_BUNDLE_IDENTIFIER = com.osatou.iBeaconSendDemoTests;
				PRODUCT_NAME = "$(TARGET_NAME)";
				TEST_HOST = "$(BUILT_PRODUCTS_DIR)/iBeaconSendDemo.app/iBeaconSendDemo";
			};
			name = Debug;
		};
		C72A1D7B1C04135800A3DBB0 /* Release */ = {
			isa = XCBuildConfiguration;
			buildSettings = {
				BUNDLE_LOADER = "$(TEST_HOST)";
				INFOPLIST_FILE = iBeaconSendDemoTests/Info.plist;
				LD_RUNPATH_SEARCH_PATHS = "$(inherited) @executable_path/Frameworks @loader_path/Frameworks";
				PRODUCT_BUNDLE_IDENTIFIER = com.osatou.iBeaconSendDemoTests;
				PRODUCT_NAME = "$(TARGET_NAME)";
				TEST_HOST = "$(BUILT_PRODUCTS_DIR)/iBeaconSendDemo.app/iBeaconSendDemo";
			};
			name = Release;
		};
		C72A1D7D1C04135800A3DBB0 /* Debug */ = {
			isa = XCBuildConfiguration;
			buildSettings = {
				INFOPLIST_FILE = iBeaconSendDemoUITests/Info.plist;
				LD_RUNPATH_SEARCH_PATHS = "$(inherited) @executable_path/Frameworks @loader_path/Frameworks";
				PRODUCT_BUNDLE_IDENTIFIER = com.osatou.iBeaconSendDemoUITests;
				PRODUCT_NAME = "$(TARGET_NAME)";
				TEST_TARGET_NAME = iBeaconSendDemo;
				USES_XCTRUNNER = YES;
			};
			name = Debug;
		};
		C72A1D7E1C04135800A3DBB0 /* Release */ = {
			isa = XCBuildConfiguration;
			buildSettings = {
				INFOPLIST_FILE = iBeaconSendDemoUITests/Info.plist;
				LD_RUNPATH_SEARCH_PATHS = "$(inherited) @executable_path/Frameworks @loader_path/Frameworks";
				PRODUCT_BUNDLE_IDENTIFIER = com.osatou.iBeaconSendDemoUITests;
				PRODUCT_NAME = "$(TARGET_NAME)";
				TEST_TARGET_NAME = iBeaconSendDemo;
				USES_XCTRUNNER = YES;
			};
			name = Release;
		};
/* End XCBuildConfiguration section */

/* Begin XCConfigurationList section */
		C72A1D491C04135800A3DBB0 /* Build configuration list for PBXProject "iBeaconSendDemo" */ = {
			isa = XCConfigurationList;
			buildConfigurations = (
				C72A1D741C04135800A3DBB0 /* Debug */,
				C72A1D751C04135800A3DBB0 /* Release */,
			);
			defaultConfigurationIsVisible = 0;
			defaultConfigurationName = Release;
		};
		C72A1D761C04135800A3DBB0 /* Build configuration list for PBXNativeTarget "iBeaconSendDemo" */ = {
			isa = XCConfigurationList;
			buildConfigurations = (
				C72A1D771C04135800A3DBB0 /* Debug */,
				C72A1D781C04135800A3DBB0 /* Release */,
			);
			defaultConfigurationIsVisible = 0;
		};
		C72A1D791C04135800A3DBB0 /* Build configuration list for PBXNativeTarget "iBeaconSendDemoTests" */ = {
			isa = XCConfigurationList;
			buildConfigurations = (
				C72A1D7A1C04135800A3DBB0 /* Debug */,
				C72A1D7B1C04135800A3DBB0 /* Release */,
			);
			defaultConfigurationIsVisible = 0;
		};
		C72A1D7C1C04135800A3DBB0 /* Build configuration list for PBXNativeTarget "iBeaconSendDemoUITests" */ = {
			isa = XCConfigurationList;
			buildConfigurations = (
				C72A1D7D1C04135800A3DBB0 /* Debug */,
				C72A1D7E1C04135800A3DBB0 /* Release */,
			);
			defaultConfigurationIsVisible = 0;
		};
/* End XCConfigurationList section */
	};
	rootObject = C72A1D461C04135800A3DBB0 /* Project object */;
}
